
Microsoft Visual Studio Solution File, Format Version 12.00
# Visual Studio Version 17
VisualStudioVersion = 17.8.34525.116
MinimumVisualStudioVersion = 10.0.40219.1
Project("{FAE04EC0-301F-11D3-BF4B-00C04F79EFBC}") = "Task_3-4", "Task_3-4\Task_3-4.csproj", "{C955B0EF-9668-43C4-A6AD-2382B7F1CAEC}"
EndProject
Global
	GlobalSection(SolutionConfigurationPlatforms) = preSolution
		Debug|Any CPU = Debug|Any CPU
		Release|Any CPU = Release|Any CPU
	EndGlobalSection
	GlobalSection(ProjectConfigurationPlatforms) = postSolution
		{C955B0EF-9668-43C4-A6AD-2382B7F1CAEC}.Debug|Any CPU.ActiveCfg = Debug|Any CPU
		{C955B0EF-9668-43C4-A6AD-2382B7F1CAEC}.Debug|Any CPU.Build.0 = Debug|Any CPU
		{C955B0EF-9668-43C4-A6AD-2382B7F1CAEC}.Release|Any CPU.ActiveCfg = Release|Any CPU
		{C955B0EF-9668-43C4-A6AD-2382B7F1CAEC}.Release|Any CPU.Build.0 = Release|Any CPU
	EndGlobalSection
	GlobalSection(SolutionProperties) = preSolution
		HideSolutionNode = FALSE
	EndGlobalSection
	GlobalSection(ExtensibilityGlobals) = postSolution
		SolutionGuid = {4D62BE20-D530-4D1A-9D12-2C7CDD5B9EB2}
	EndGlobalSection
EndGlobal
